
Microsoft Visual Studio Solution File, Format Version 12.00
# Visual Studio Version 17
VisualStudioVersion = 17.6.33723.286
MinimumVisualStudioVersion = 10.0.40219.1
Project("{F2A71F9B-5D33-465A-A702-920D77279786}") = "HelloWorld", "HelloWorld\HelloWorld.fsproj", "{6B0E0D02-3D9D-480F-9DA3-CD922707D796}"
EndProject
Global
	GlobalSection(SolutionConfigurationPlatforms) = preSolution
		Debug|Any CPU = Debug|Any CPU
		Release|Any CPU = Release|Any CPU
	EndGlobalSection
	GlobalSection(ProjectConfigurationPlatforms) = postSolution
		{6B0E0D02-3D9D-480F-9DA3-CD922707D796}.Debug|Any CPU.ActiveCfg = Debug|Any CPU
		{6B0E0D02-3D9D-480F-9DA3-CD922707D796}.Debug|Any CPU.Build.0 = Debug|Any CPU
		{6B0E0D02-3D9D-480F-9DA3-CD922707D796}.Release|Any CPU.ActiveCfg = Release|Any CPU
		{6B0E0D02-3D9D-480F-9DA3-CD922707D796}.Release|Any CPU.Build.0 = Release|Any CPU
	EndGlobalSection
	GlobalSection(SolutionProperties) = preSolution
		HideSolutionNode = FALSE
	EndGlobalSection
	GlobalSection(ExtensibilityGlobals) = postSolution
		SolutionGuid = {8E47C09C-1627-493E-928B-E89D7EF0D656}
	EndGlobalSection
EndGlobal
